
Microsoft Visual Studio Solution File, Format Version 12.00
# Visual Studio 2012
Project("{FAE04EC0-301F-11D3-BF4B-00C04F79EFBC}") = "Monopoly", "MonopolyKata\Monopoly.csproj", "{3CA994DB-C7C4-4ECD-A5C0-66322304D31A}"
EndProject
Project("{FAE04EC0-301F-11D3-BF4B-00C04F79EFBC}") = "Monopoly.Tests", "MonopolyKataTests\Monopoly.Tests.csproj", "{2E6989EF-CCAD-4E53-99F0-D7623BBDC8BD}"
EndProject
Global
	GlobalSection(SolutionConfigurationPlatforms) = preSolution
		Debug|Any CPU = Debug|Any CPU
		Release|Any CPU = Release|Any CPU
	EndGlobalSection
	GlobalSection(ProjectConfigurationPlatforms) = postSolution
		{3CA994DB-C7C4-4ECD-A5C0-66322304D31A}.Debug|Any CPU.ActiveCfg = Debug|Any CPU
		{3CA994DB-C7C4-4ECD-A5C0-66322304D31A}.Debug|Any CPU.Build.0 = Debug|Any CPU
		{3CA994DB-C7C4-4ECD-A5C0-66322304D31A}.Release|Any CPU.ActiveCfg = Release|Any CPU
		{3CA994DB-C7C4-4ECD-A5C0-66322304D31A}.Release|Any CPU.Build.0 = Release|Any CPU
		{2E6989EF-CCAD-4E53-99F0-D7623BBDC8BD}.Debug|Any CPU.ActiveCfg = Debug|Any CPU
		{2E6989EF-CCAD-4E53-99F0-D7623BBDC8BD}.Debug|Any CPU.Build.0 = Debug|Any CPU
		{2E6989EF-CCAD-4E53-99F0-D7623BBDC8BD}.Release|Any CPU.ActiveCfg = Release|Any CPU
		{2E6989EF-CCAD-4E53-99F0-D7623BBDC8BD}.Release|Any CPU.Build.0 = Release|Any CPU
	EndGlobalSection
	GlobalSection(SolutionProperties) = preSolution
		HideSolutionNode = FALSE
	EndGlobalSection
EndGlobal
